
Microsoft Visual Studio Solution File, Format Version 12.00
# Visual Studio Version 17
VisualStudioVersion = 17.10.35122.118
MinimumVisualStudioVersion = 10.0.40219.1
Project("{FAE04EC0-301F-11D3-BF4B-00C04F79EFBC}") = "Hospital.Api", "Hospital.Api\Hospital.Api.csproj", "{374F1FB1-EF49-452C-A274-A944ABA8E02F}"
EndProject
Project("{FAE04EC0-301F-11D3-BF4B-00C04F79EFBC}") = "Hospital.Domain", "Hospital.Domain\Hospital.Domain.csproj", "{9FC90DC2-E0A2-4E31-A241-E69AA87E8CFF}"
EndProject
Project("{FAE04EC0-301F-11D3-BF4B-00C04F79EFBC}") = "Hospital.Application", "Hospital.Application\Hospital.Application.csproj", "{69071F51-7874-4237-B3E9-E65478044050}"
EndProject
Project("{FAE04EC0-301F-11D3-BF4B-00C04F79EFBC}") = "Hospital.Infrastructure", "Hospital.Infrastructure\Hospital.Infrastructure.csproj", "{FD73F7A0-921F-4136-94AC-E6E5EDDCA6BB}"
EndProject
Global
	GlobalSection(SolutionConfigurationPlatforms) = preSolution
		Debug|Any CPU = Debug|Any CPU
		Release|Any CPU = Release|Any CPU
	EndGlobalSection
	GlobalSection(ProjectConfigurationPlatforms) = postSolution
		{374F1FB1-EF49-452C-A274-A944ABA8E02F}.Debug|Any CPU.ActiveCfg = Debug|Any CPU
		{374F1FB1-EF49-452C-A274-A944ABA8E02F}.Debug|Any CPU.Build.0 = Debug|Any CPU
		{374F1FB1-EF49-452C-A274-A944ABA8E02F}.Release|Any CPU.ActiveCfg = Release|Any CPU
		{374F1FB1-EF49-452C-A274-A944ABA8E02F}.Release|Any CPU.Build.0 = Release|Any CPU
		{9FC90DC2-E0A2-4E31-A241-E69AA87E8CFF}.Debug|Any CPU.ActiveCfg = Debug|Any CPU
		{9FC90DC2-E0A2-4E31-A241-E69AA87E8CFF}.Debug|Any CPU.Build.0 = Debug|Any CPU
		{9FC90DC2-E0A2-4E31-A241-E69AA87E8CFF}.Release|Any CPU.ActiveCfg = Release|Any CPU
		{9FC90DC2-E0A2-4E31-A241-E69AA87E8CFF}.Release|Any CPU.Build.0 = Release|Any CPU
		{69071F51-7874-4237-B3E9-E65478044050}.Debug|Any CPU.ActiveCfg = Debug|Any CPU
		{69071F51-7874-4237-B3E9-E65478044050}.Debug|Any CPU.Build.0 = Debug|Any CPU
		{69071F51-7874-4237-B3E9-E65478044050}.Release|Any CPU.ActiveCfg = Release|Any CPU
		{69071F51-7874-4237-B3E9-E65478044050}.Release|Any CPU.Build.0 = Release|Any CPU
		{FD73F7A0-921F-4136-94AC-E6E5EDDCA6BB}.Debug|Any CPU.ActiveCfg = Debug|Any CPU
		{FD73F7A0-921F-4136-94AC-E6E5EDDCA6BB}.Debug|Any CPU.Build.0 = Debug|Any CPU
		{FD73F7A0-921F-4136-94AC-E6E5EDDCA6BB}.Release|Any CPU.ActiveCfg = Release|Any CPU
		{FD73F7A0-921F-4136-94AC-E6E5EDDCA6BB}.Release|Any CPU.Build.0 = Release|Any CPU
	EndGlobalSection
	GlobalSection(SolutionProperties) = preSolution
		HideSolutionNode = FALSE
	EndGlobalSection
	GlobalSection(ExtensibilityGlobals) = postSolution
		SolutionGuid = {0D9F992E-441A-4977-8B21-BB9BC6D0A54C}
	EndGlobalSection
EndGlobal
